
Microsoft Visual Studio Solution File, Format Version 12.00
# Visual Studio Version 16
VisualStudioVersion = 16.0.31729.503
MinimumVisualStudioVersion = 10.0.40219.1
Project("{FAE04EC0-301F-11D3-BF4B-00C04F79EFBC}") = "YuRis_Tool", "YuRis_Tool.csproj", "{AB76D3B2-1F93-41CB-85F3-45E40CD7885C}"
EndProject
Global
	GlobalSection(SolutionConfigurationPlatforms) = preSolution
		Debug|Any CPU = Debug|Any CPU
		Release|Any CPU = Release|Any CPU
	EndGlobalSection
	GlobalSection(ProjectConfigurationPlatforms) = postSolution
		{AB76D3B2-1F93-41CB-85F3-45E40CD7885C}.Debug|Any CPU.ActiveCfg = Debug|Any CPU
		{AB76D3B2-1F93-41CB-85F3-45E40CD7885C}.Debug|Any CPU.Build.0 = Debug|Any CPU
		{AB76D3B2-1F93-41CB-85F3-45E40CD7885C}.Release|Any CPU.ActiveCfg = Release|Any CPU
		{AB76D3B2-1F93-41CB-85F3-45E40CD7885C}.Release|Any CPU.Build.0 = Release|Any CPU
	EndGlobalSection
	GlobalSection(SolutionProperties) = preSolution
		HideSolutionNode = FALSE
	EndGlobalSection
	GlobalSection(ExtensibilityGlobals) = postSolution
		SolutionGuid = {27586442-D93E-466A-AF0E-F09C677E1972}
	EndGlobalSection
EndGlobal
